
Microsoft Visual Studio Solution File, Format Version 12.00
# Visual Studio Version 18
VisualStudioVersion = 18.1.11312.151
MinimumVisualStudioVersion = 10.0.40219.1
Project("{FAE04EC0-301F-11D3-BF4B-00C04F79EFBC}") = "SixteenCoreCharacterMapper.Core", "SixteenCoreCharacterMapper.Core\SixteenCoreCharacterMapper.Core.csproj", "{8FE56FEF-8428-4C20-953C-02E5FCDEE537}"
EndProject
Project("{FAE04EC0-301F-11D3-BF4B-00C04F79EFBC}") = "SixteenCoreCharacterMapper.Avalonia", "SixteenCoreCharacterMapper.Avalonia\SixteenCoreCharacterMapper.Avalonia.csproj", "{082F0EB2-3517-3EAE-DC91-9B42CECEFEEA}"
EndProject
Project("{2150E333-8FDC-42A3-9474-1A3956D46DE8}") = "Solution Items", "Solution Items", "{1396C6E7-C46A-47DE-ABF2-634C39685728}"
	ProjectSection(SolutionItems) = preProject
		EULA.rtf = EULA.rtf
		LICENSE.md = LICENSE.md
		README.md = README.md
		version.json = version.json
	EndProjectSection
EndProject
Global
	GlobalSection(SolutionConfigurationPlatforms) = preSolution
		Debug|Any CPU = Debug|Any CPU
		Debug|x64 = Debug|x64
		Debug|x86 = Debug|x86
		Release|Any CPU = Release|Any CPU
		Release|x64 = Release|x64
		Release|x86 = Release|x86
	EndGlobalSection
	GlobalSection(ProjectConfigurationPlatforms) = postSolution
		{8FE56FEF-8428-4C20-953C-02E5FCDEE537}.Debug|Any CPU.ActiveCfg = Debug|Any CPU
		{8FE56FEF-8428-4C20-953C-02E5FCDEE537}.Debug|Any CPU.Build.0 = Debug|Any CPU
		{8FE56FEF-8428-4C20-953C-02E5FCDEE537}.Debug|x64.ActiveCfg = Debug|Any CPU
		{8FE56FEF-8428-4C20-953C-02E5FCDEE537}.Debug|x64.Build.0 = Debug|Any CPU
		{8FE56FEF-8428-4C20-953C-02E5FCDEE537}.Debug|x86.ActiveCfg = Debug|Any CPU
		{8FE56FEF-8428-4C20-953C-02E5FCDEE537}.Debug|x86.Build.0 = Debug|Any CPU
		{8FE56FEF-8428-4C20-953C-02E5FCDEE537}.Release|Any CPU.ActiveCfg = Release|Any CPU
		{8FE56FEF-8428-4C20-953C-02E5FCDEE537}.Release|Any CPU.Build.0 = Release|Any CPU
		{8FE56FEF-8428-4C20-953C-02E5FCDEE537}.Release|x64.ActiveCfg = Release|Any CPU
		{8FE56FEF-8428-4C20-953C-02E5FCDEE537}.Release|x64.Build.0 = Release|Any CPU
		{8FE56FEF-8428-4C20-953C-02E5FCDEE537}.Release|x86.ActiveCfg = Release|Any CPU
		{8FE56FEF-8428-4C20-953C-02E5FCDEE537}.Release|x86.Build.0 = Release|Any CPU
		{082F0EB2-3517-3EAE-DC91-9B42CECEFEEA}.Debug|Any CPU.ActiveCfg = Debug|Any CPU
		{082F0EB2-3517-3EAE-DC91-9B42CECEFEEA}.Debug|Any CPU.Build.0 = Debug|Any CPU
		{082F0EB2-3517-3EAE-DC91-9B42CECEFEEA}.Debug|x64.ActiveCfg = Debug|Any CPU
		{082F0EB2-3517-3EAE-DC91-9B42CECEFEEA}.Debug|x64.Build.0 = Debug|Any CPU
		{082F0EB2-3517-3EAE-DC91-9B42CECEFEEA}.Debug|x86.ActiveCfg = Debug|Any CPU
		{082F0EB2-3517-3EAE-DC91-9B42CECEFEEA}.Debug|x86.Build.0 = Debug|Any CPU
		{082F0EB2-3517-3EAE-DC91-9B42CECEFEEA}.Release|Any CPU.ActiveCfg = Release|Any CPU
		{082F0EB2-3517-3EAE-DC91-9B42CECEFEEA}.Release|Any CPU.Build.0 = Release|Any CPU
		{082F0EB2-3517-3EAE-DC91-9B42CECEFEEA}.Release|x64.ActiveCfg = Release|Any CPU
		{082F0EB2-3517-3EAE-DC91-9B42CECEFEEA}.Release|x64.Build.0 = Release|Any CPU
		{082F0EB2-3517-3EAE-DC91-9B42CECEFEEA}.Release|x86.ActiveCfg = Release|Any CPU
		{082F0EB2-3517-3EAE-DC91-9B42CECEFEEA}.Release|x86.Build.0 = Release|Any CPU
	EndGlobalSection
	GlobalSection(SolutionProperties) = preSolution
		HideSolutionNode = FALSE
	EndGlobalSection
	GlobalSection(ExtensibilityGlobals) = postSolution
		SolutionGuid = {76715FB9-FF7B-4591-80A2-089AC8B477E9}
	EndGlobalSection
EndGlobal
