
Microsoft Visual Studio Solution File, Format Version 12.00
# Visual Studio Version 17
VisualStudioVersion = 17.14.36414.22
MinimumVisualStudioVersion = 10.0.40219.1
Project("{FAE04EC0-301F-11D3-BF4B-00C04F79EFBC}") = "SixteenCoreCharacterMapper", "SixteenCoreCharacterMapper.csproj", "{C7A4BC5B-43DB-3A72-AD73-B1E1CA648B2F}"
EndProject
Project("{54435603-DBB4-11D2-8724-00A0C9A8B90C}") = "16PF Character Mapper", "..\..\Installer\16PF Character Mapper\16PF Character Mapper.vdproj", "{503371F8-981E-DF1F-3F68-08AA93DAF9F9}"
EndProject
Global
	GlobalSection(SolutionConfigurationPlatforms) = preSolution
		Debug|Any CPU = Debug|Any CPU
		Release|Any CPU = Release|Any CPU
	EndGlobalSection
	GlobalSection(ProjectConfigurationPlatforms) = postSolution
		{C7A4BC5B-43DB-3A72-AD73-B1E1CA648B2F}.Debug|Any CPU.ActiveCfg = Debug|Any CPU
		{C7A4BC5B-43DB-3A72-AD73-B1E1CA648B2F}.Debug|Any CPU.Build.0 = Debug|Any CPU
		{C7A4BC5B-43DB-3A72-AD73-B1E1CA648B2F}.Release|Any CPU.ActiveCfg = Release|Any CPU
		{C7A4BC5B-43DB-3A72-AD73-B1E1CA648B2F}.Release|Any CPU.Build.0 = Release|Any CPU
		{503371F8-981E-DF1F-3F68-08AA93DAF9F9}.Debug|Any CPU.ActiveCfg = Debug
		{503371F8-981E-DF1F-3F68-08AA93DAF9F9}.Release|Any CPU.ActiveCfg = Release
	EndGlobalSection
	GlobalSection(SolutionProperties) = preSolution
		HideSolutionNode = FALSE
	EndGlobalSection
	GlobalSection(ExtensibilityGlobals) = postSolution
		SolutionGuid = {76715FB9-FF7B-4591-80A2-089AC8B477E9}
	EndGlobalSection
EndGlobal
